
Microsoft Visual Studio Solution File, Format Version 12.00
# Visual Studio Version 17
VisualStudioVersion = 17.10.35027.167
MinimumVisualStudioVersion = 10.0.40219.1
Project("{9A19103F-16F7-4668-BE54-9A1E7A4F7556}") = "Calculadora IMC", "Treino1\Calculadora IMC.csproj", "{AAA7406F-0AFD-494A-A6E1-DEF488E6F8E8}"
EndProject
Global
	GlobalSection(SolutionConfigurationPlatforms) = preSolution
		Debug|Any CPU = Debug|Any CPU
		Release|Any CPU = Release|Any CPU
	EndGlobalSection
	GlobalSection(ProjectConfigurationPlatforms) = postSolution
		{AAA7406F-0AFD-494A-A6E1-DEF488E6F8E8}.Debug|Any CPU.ActiveCfg = Debug|Any CPU
		{AAA7406F-0AFD-494A-A6E1-DEF488E6F8E8}.Debug|Any CPU.Build.0 = Debug|Any CPU
		{AAA7406F-0AFD-494A-A6E1-DEF488E6F8E8}.Release|Any CPU.ActiveCfg = Release|Any CPU
		{AAA7406F-0AFD-494A-A6E1-DEF488E6F8E8}.Release|Any CPU.Build.0 = Release|Any CPU
	EndGlobalSection
	GlobalSection(SolutionProperties) = preSolution
		HideSolutionNode = FALSE
	EndGlobalSection
	GlobalSection(ExtensibilityGlobals) = postSolution
		SolutionGuid = {8EF6318A-1F82-4D2B-9276-C937FB485B41}
	EndGlobalSection
EndGlobal
